Microsoft Visual Studio Solution File, Format Version 12.00
# Visual Studio Version 16
VisualStudioVersion = 16.0.28516.95
MinimumVisualStudioVersion = 10.0.40219.1
Project("{FAE04EC0-301F-11D3-BF4B-00C04F79EFBC}") = "DemoPlugin", "DemoPlugin\DemoPlugin.csproj", "{103C2CD9-2D0F-4B98-88F0-989DB1BF5245}"
EndProject
Project("{2150E333-8FDC-42A3-9474-1A3956D46DE8}") = "Solution Items", "Solution Items", "{D8D453EF-A2A9-480D-8DF5-1EFDC130B139}"
								ProjectSection(SolutionItems) = preProject
																LICENSE = LICENSE
																README.md = README.md
								EndProjectSection
EndProject
Project("{FAE04EC0-301F-11D3-BF4B-00C04F79EFBC}") = "RemoteRuntime.Common", "RemoteRuntime.Common\RemoteRuntime.Common.csproj", "{FB6DEEDC-4BEA-4BCC-BBD1-8B911F431CB0}"
EndProject
Project("{FAE04EC0-301F-11D3-BF4B-00C04F79EFBC}") = "RemoteRuntime.Host", "RemoteRuntime.Host\RemoteRuntime.Host.csproj", "{5D7C4666-E3B0-42C3-AA58-C2E5A30A498E}"
EndProject
Project("{FAE04EC0-301F-11D3-BF4B-00C04F79EFBC}") = "RemoteRuntime.PluginBase", "RemoteRuntime.PluginBase\RemoteRuntime.PluginBase.csproj", "{AC7D7F55-B934-4FEB-8B71-C26028DF66E5}"
EndProject
Project("{8BC9CEB8-8B4A-11D0-8D11-00A0C91BC942}") = "RemoteRuntime.Runtime", "RemoteRuntime.Runtime\RemoteRuntime.Runtime.vcxproj", "{2FC67291-C1CE-4541-AEC8-440779E64E65}"
EndProject
Global
	GlobalSection(SolutionConfigurationPlatforms) = preSolution
		Release|x64 = Release|x64
	EndGlobalSection
	GlobalSection(ProjectConfigurationPlatforms) = postSolution
		{103C2CD9-2D0F-4B98-88F0-989DB1BF5245}.Release|x64.ActiveCfg = Release|x64
		{103C2CD9-2D0F-4B98-88F0-989DB1BF5245}.Release|x64.Build.0 = Release|x64
		{FB6DEEDC-4BEA-4BCC-BBD1-8B911F431CB0}.Release|x64.ActiveCfg = Release|x64
		{FB6DEEDC-4BEA-4BCC-BBD1-8B911F431CB0}.Release|x64.Build.0 = Release|x64
		{5D7C4666-E3B0-42C3-AA58-C2E5A30A498E}.Release|x64.ActiveCfg = Release|x64
		{5D7C4666-E3B0-42C3-AA58-C2E5A30A498E}.Release|x64.Build.0 = Release|x64
		{AC7D7F55-B934-4FEB-8B71-C26028DF66E5}.Release|x64.ActiveCfg = Release|x64
		{AC7D7F55-B934-4FEB-8B71-C26028DF66E5}.Release|x64.Build.0 = Release|x64
		{2FC67291-C1CE-4541-AEC8-440779E64E65}.Release|x64.ActiveCfg = Release|x64
		{2FC67291-C1CE-4541-AEC8-440779E64E65}.Release|x64.Build.0 = Release|x64
	EndGlobalSection
	GlobalSection(SolutionProperties) = preSolution
		HideSolutionNode = FALSE
	EndGlobalSection
	GlobalSection(ExtensibilityGlobals) = postSolution
		SolutionGuid = {313B3DCB-6BC8-4578-9FCB-339E2DED8978}
	EndGlobalSection
EndGlobal
